// !$*UTF8*$!
{
	archiveVersion = 1;
	classes = {
	};
	objectVersion = 50;
	objects = {

/* Begin PBXBuildFile section */
		F0C4418724F1565B0080D4A9 /* AppDelegate.swift in Sources */ = {isa = PBXBuildFile; fileRef = F0C4418624F1565B0080D4A9 /* AppDelegate.swift */; };
		F0C4418924F1565B0080D4A9 /* SceneDelegate.swift in Sources */ = {isa = PBXBuildFile; fileRef = F0C4418824F1565B0080D4A9 /* SceneDelegate.swift */; };
		F0C4418E24F1565B0080D4A9 /* Main.storyboard in Resources */ = {isa = PBXBuildFile; fileRef = F0C4418C24F1565B0080D4A9 /* Main.storyboard */; };
		F0C4419124F1565B0080D4A9 /* App.xcdatamodeld in Sources */ = {isa = PBXBuildFile; fileRef = F0C4418F24F1565B0080D4A9 /* App.xcdatamodeld */; };
		F0C4419324F1565D0080D4A9 /* Assets.xcassets in Resources */ = {isa = PBXBuildFile; fileRef = F0C4419224F1565D0080D4A9 /* Assets.xcassets */; };
		F0C4419624F1565D0080D4A9 /* LaunchScreen.storyboard in Resources */ = {isa = PBXBuildFile; fileRef = F0C4419424F1565D0080D4A9 /* LaunchScreen.storyboard */; };
		F0C441A024F157C60080D4A9 /* AddTableViewController.swift in Sources */ = {isa = PBXBuildFile; fileRef = F0C4419F24F157C60080D4A9 /* AddTableViewController.swift */; };
		F0E7454D24F1A52D00F16CD5 /* MovieViewController.swift in Sources */ = {isa = PBXBuildFile; fileRef = F0E7454C24F1A52D00F16CD5 /* MovieViewController.swift */; };
/* End PBXBuildFile section */

/* Begin PBXFileReference section */
		F0C4418324F1565B0080D4A9 /* App.app */ = {isa = PBXFileReference; explicitFileType = wrapper.application; includeInIndex = 0; path = App.app; sourceTree = BUILT_PRODUCTS_DIR; };
		F0C4418624F1565B0080D4A9 /* AppDelegate.swift */ = {isa = PBXFileReference; lastKnownFileType = sourcecode.swift; path = AppDelegate.swift; sourceTree = "<group>"; };
		F0C4418824F1565B0080D4A9 /* SceneDelegate.swift */ = {isa = PBXFileReference; lastKnownFileType = sourcecode.swift; path = SceneDelegate.swift; sourceTree = "<group>"; };
		F0C4418D24F1565B0080D4A9 /* Base */ = {isa = PBXFileReference; lastKnownFileType = file.storyboard; name = Base; path = Base.lproj/Main.storyboard; sourceTree = "<group>"; };
		F0C4419024F1565B0080D4A9 /* App.xcdatamodel */ = {isa = PBXFileReference; lastKnownFileType = wrapper.xcdatamodel; path = App.xcdatamodel; sourceTree = "<group>"; };
		F0C4419224F1565D0080D4A9 /* Assets.xcassets */ = {isa = PBXFileReference; lastKnownFileType = folder.assetcatalog; path = Assets.xcassets; sourceTree = "<group>"; };
		F0C4419524F1565D0080D4A9 /* Base */ = {isa = PBXFileReference; lastKnownFileType = file.storyboard; name = Base; path = Base.lproj/LaunchScreen.storyboard; sourceTree = "<group>"; };
		F0C4419724F1565D0080D4A9 /* Info.plist */ = {isa = PBXFileReference; lastKnownFileType = text.plist.xml; path = Info.plist; sourceTree = "<group>"; };
		F0C4419F24F157C60080D4A9 /* AddTableViewController.swift */ = {isa = PBXFileReference; lastKnownFileType = sourcecode.swift; path = AddTableViewController.swift; sourceTree = "<group>"; };
		F0E7454C24F1A52D00F16CD5 /* MovieViewController.swift */ = {isa = PBXFileReference; lastKnownFileType = sourcecode.swift; path = MovieViewController.swift; sourceTree = "<group>"; };
/* End PBXFileReference section */

/* Begin PBXFrameworksBuildPhase section */
		F0C4418024F1565B0080D4A9 /* Frameworks */ = {
			isa = PBXFrameworksBuildPhase;
			buildActionMask = 2147483647;
			files = (
			);
			runOnlyForDeploymentPostprocessing = 0;
		};
/* End PBXFrameworksBuildPhase section */

/* Begin PBXGroup section */
		F0C4417A24F1565B0080D4A9 = {
			isa = PBXGroup;
			children = (
				F0C4418524F1565B0080D4A9 /* App */,
				F0C4418424F1565B0080D4A9 /* Products */,
			);
			sourceTree = "<group>";
		};
		F0C4418424F1565B0080D4A9 /* Products */ = {
			isa = PBXGroup;
			children = (
				F0C4418324F1565B0080D4A9 /* App.app */,
			);
			name = Products;
			sourceTree = "<group>";
		};
		F0C4418524F1565B0080D4A9 /* App */ = {
			isa = PBXGroup;
			children = (
				F0C4418624F1565B0080D4A9 /* AppDelegate.swift */,
				F0C4418824F1565B0080D4A9 /* SceneDelegate.swift */,
				F0E7454C24F1A52D00F16CD5 /* MovieViewController.swift */,
				F0C4419F24F157C60080D4A9 /* AddTableViewController.swift */,
				F0C4418C24F1565B0080D4A9 /* Main.storyboard */,
				F0C4419224F1565D0080D4A9 /* Assets.xcassets */,
				F0C4419424F1565D0080D4A9 /* LaunchScreen.storyboard */,
				F0C4419724F1565D0080D4A9 /* Info.plist */,
				F0C4418F24F1565B0080D4A9 /* App.xcdatamodeld */,
			);
			path = App;
			sourceTree = "<group>";
		};
/* End PBXGroup section */

/* Begin PBXNativeTarget section */
		F0C4418224F1565B0080D4A9 /* App */ = {
			isa = PBXNativeTarget;
			buildConfigurationList = F0C4419A24F1565D0080D4A9 /* Build configuration list for PBXNativeTarget "App" */;
			buildPhases = (
				F0C4417F24F1565B0080D4A9 /* Sources */,
				F0C4418024F1565B0080D4A9 /* Frameworks */,
				F0C4418124F1565B0080D4A9 /* Resources */,
			);
			buildRules = (
			);
			dependencies = (
			);
			name = App;
			productName = App;
			productReference = F0C4418324F1565B0080D4A9 /* App.app */;
			productType = "com.apple.product-type.application";
		};
/* End PBXNativeTarget section */

/* Begin PBXProject section */
		F0C4417B24F1565B0080D4A9 /* Project object */ = {
			isa = PBXProject;
			attributes = {
				LastSwiftUpdateCheck = 1200;
				LastUpgradeCheck = 1200;
				TargetAttributes = {
					F0C4418224F1565B0080D4A9 = {
						CreatedOnToolsVersion = 12.0;
					};
				};
			};
			buildConfigurationList = F0C4417E24F1565B0080D4A9 /* Build configuration list for PBXProject "App" */;
			compatibilityVersion = "Xcode 9.3";
			developmentRegion = en;
			hasScannedForEncodings = 0;
			knownRegions = (
				en,
				Base,
			);
			mainGroup = F0C4417A24F1565B0080D4A9;
			productRefGroup = F0C4418424F1565B0080D4A9 /* Products */;
			projectDirPath = "";
			projectRoot = "";
			targets = (
				F0C4418224F1565B0080D4A9 /* App */,
			);
		};
/* End PBXProject section */

/* Begin PBXResourcesBuildPhase section */
		F0C4418124F1565B0080D4A9 /* Resources */ = {
			isa = PBXResourcesBuildPhase;
			buildActionMask = 2147483647;
			files = (
				F0C4419624F1565D0080D4A9 /* LaunchScreen.storyboard in Resources */,
				F0C4419324F1565D0080D4A9 /* Assets.xcassets in Resources */,
				F0C4418E24F1565B0080D4A9 /* Main.storyboard in Resources */,
			);
			runOnlyForDeploymentPostprocessing = 0;
		};
/* End PBXResourcesBuildPhase section */

/* Begin PBXSourcesBuildPhase section */
		F0C4417F24F1565B0080D4A9 /* Sources */ = {
			isa = PBXSourcesBuildPhase;
			buildActionMask = 2147483647;
			files = (
				F0C4419124F1565B0080D4A9 /* App.xcdatamodeld in Sources */,
				F0C4418724F1565B0080D4A9 /* AppDelegate.swift in Sources */,
				F0C4418924F1565B0080D4A9 /* SceneDelegate.swift in Sources */,
				F0C441A024F157C60080D4A9 /* AddTableViewController.swift in Sources */,
				F0E7454D24F1A52D00F16CD5 /* MovieViewController.swift in Sources */,
			);
			runOnlyForDeploymentPostprocessing = 0;
		};
/* End PBXSourcesBuildPhase section */

/* Begin PBXVariantGroup section */
		F0C4418C24F1565B0080D4A9 /* Main.storyboard */ = {
			isa = PBXVariantGroup;
			children = (
				F0C4418D24F1565B0080D4A9 /* Base */,
			);
			name = Main.storyboard;
			sourceTree = "<group>";
		};
		F0C4419424F1565D0080D4A9 /* LaunchScreen.storyboard */ = {
			isa = PBXVariantGroup;
			children = (
				F0C4419524F1565D0080D4A9 /* Base */,
			);
			name = LaunchScreen.storyboard;
			sourceTree = "<group>";
		};
/* End PBXVariantGroup section */

/* Begin XCBuildConfiguration section */
		F0C4419824F1565D0080D4A9 /* Debug */ = {
			isa = XCBuildConfiguration;
			buildSettings = {
				ALWAYS_SEARCH_USER_PATHS = NO;
				CLANG_ANALYZER_NONNULL = YES;
				CLANG_ANALYZER_NUMBER_OBJECT_CONVERSION = YES_AGGRESSIVE;
				CLANG_CXX_LANGUAGE_STANDARD = "gnu++14";
				CLANG_CXX_LIBRARY = "libc++";
				CLANG_ENABLE_MODULES = YES;
				CLANG_ENABLE_OBJC_ARC = YES;
				CLANG_ENABLE_OBJC_WEAK = YES;
				CLANG_WARN_BLOCK_CAPTURE_AUTORELEASING = YES;
				CLANG_WARN_BOOL_CONVERSION = YES;
				CLANG_WARN_COMMA = YES;
				CLANG_WARN_CONSTANT_CONVERSION = YES;
				CLANG_WARN_DEPRECATED_OBJC_IMPLEMENTATIONS = YES;
				CLANG_WARN_DIRECT_OBJC_ISA_USAGE = YES_ERROR;
				CLANG_WARN_DOCUMENTATION_COMMENTS = YES;
				CLANG_WARN_EMPTY_BODY = YES;
				CLANG_WARN_ENUM_CONVERSION = YES;
				CLANG_WARN_INFINITE_RECURSION = YES;
				CLANG_WARN_INT_CONVERSION = YES;
				CLANG_WARN_NON_LITERAL_NULL_CONVERSION = YES;
				CLANG_WARN_OBJC_IMPLICIT_RETAIN_SELF = YES;
				CLANG_WARN_OBJC_LITERAL_CONVERSION = YES;
				CLANG_WARN_OBJC_ROOT_CLASS = YES_ERROR;
				CLANG_WARN_QUOTED_INCLUDE_IN_FRAMEWORK_HEADER = YES;
				CLANG_WARN_RANGE_LOOP_ANALYSIS = YES;
				CLANG_WARN_STRICT_PROTOTYPES = YES;
				CLANG_WARN_SUSPICIOUS_MOVE = YES;
				CLANG_WARN_UNGUARDED_AVAILABILITY = YES_AGGRESSIVE;
				CLANG_WARN_UNREACHABLE_CODE = YES;
				CLANG_WARN__DUPLICATE_METHOD_MATCH = YES;
				COPY_PHASE_STRIP = NO;
				DEBUG_INFORMATION_FORMAT = dwarf;
				ENABLE_STRICT_OBJC_MSGSEND = YES;
				ENABLE_TESTABILITY = YES;
				GCC_C_LANGUAGE_STANDARD = gnu11;
				GCC_DYNAMIC_NO_PIC = NO;
				GCC_NO_COMMON_BLOCKS = YES;
				GCC_OPTIMIZATION_LEVEL = 0;
				GCC_PREPROCESSOR_DEFINITIONS = (
					"DEBUG=1",
					"$(inherited)",
				);
				GCC_WARN_64_TO_32_BIT_CONVERSION = YES;
				GCC_WARN_ABOUT_RETURN_TYPE = YES_ERROR;
				GCC_WARN_UNDECLARED_SELECTOR = YES;
				GCC_WARN_UNINITIALIZED_AUTOS = YES_AGGRESSIVE;
				GCC_WARN_UNUSED_FUNCTION = YES;
				GCC_WARN_UNUSED_VARIABLE = YES;
				IPHONEOS_DEPLOYMENT_TARGET = 14.0;
				MTL_ENABLE_DEBUG_INFO = INCLUDE_SOURCE;
				MTL_FAST_MATH = YES;
				ONLY_ACTIVE_ARCH = YES;
				SDKROOT = iphoneos;
				SWIFT_ACTIVE_COMPILATION_CONDITIONS = DEBUG;
				SWIFT_OPTIMIZATION_LEVEL = "-Onone";
			};
			name = Debug;
		};
		F0C4419924F1565D0080D4A9 /* Release */ = {
			isa = XCBuildConfiguration;
			buildSettings = {
				ALWAYS_SEARCH_USER_PATHS = NO;
				CLANG_ANALYZER_NONNULL = YES;
				CLANG_ANALYZER_NUMBER_OBJECT_CONVERSION = YES_AGGRESSIVE;
				CLANG_CXX_LANGUAGE_STANDARD = "gnu++14";
				CLANG_CXX_LIBRARY = "libc++";
				CLANG_ENABLE_MODULES = YES;
				CLANG_ENABLE_OBJC_ARC = YES;
				CLANG_ENABLE_OBJC_WEAK = YES;
				CLANG_WARN_BLOCK_CAPTURE_AUTORELEASING = YES;
				CLANG_WARN_BOOL_CONVERSION = YES;
				CLANG_WARN_COMMA = YES;
				CLANG_WARN_CONSTANT_CONVERSION = YES;
				CLANG_WARN_DEPRECATED_OBJC_IMPLEMENTATIONS = YES;
				CLANG_WARN_DIRECT_OBJC_ISA_USAGE = YES_ERROR;
				CLANG_WARN_DOCUMENTATION_COMMENTS = YES;
				CLANG_WARN_EMPTY_BODY = YES;
				CLANG_WARN_ENUM_CONVERSION = YES;
				CLANG_WARN_INFINITE_RECURSION = YES;
				CLANG_WARN_INT_CONVERSION = YES;
				CLANG_WARN_NON_LITERAL_NULL_CONVERSION = YES;
				CLANG_WARN_OBJC_IMPLICIT_RETAIN_SELF = YES;
				CLANG_WARN_OBJC_LITERAL_CONVERSION = YES;
				CLANG_WARN_OBJC_ROOT_CLASS = YES_ERROR;
				CLANG_WARN_QUOTED_INCLUDE_IN_FRAMEWORK_HEADER = YES;
				CLANG_WARN_RANGE_LOOP_ANALYSIS = YES;
				CLANG_WARN_STRICT_PROTOTYPES = YES;
				CLANG_WARN_SUSPICIOUS_MOVE = YES;
				CLANG_WARN_UNGUARDED_AVAILABILITY = YES_AGGRESSIVE;
				CLANG_WARN_UNREACHABLE_CODE = YES;
				CLANG_WARN__DUPLICATE_METHOD_MATCH = YES;
				COPY_PHASE_STRIP = NO;
				DEBUG_INFORMATION_FORMAT = "dwarf-with-dsym";
				ENABLE_NS_ASSERTIONS = NO;
				ENABLE_STRICT_OBJC_MSGSEND = YES;
				GCC_C_LANGUAGE_STANDARD = gnu11;
				GCC_NO_COMMON_BLOCKS = YES;
				GCC_WARN_64_TO_32_BIT_CONVERSION = YES;
				GCC_WARN_ABOUT_RETURN_TYPE = YES_ERROR;
				GCC_WARN_UNDECLARED_SELECTOR = YES;
				GCC_WARN_UNINITIALIZED_AUTOS = YES_AGGRESSIVE;
				GCC_WARN_UNUSED_FUNCTION = YES;
				GCC_WARN_UNUSED_VARIABLE = YES;
				IPHONEOS_DEPLOYMENT_TARGET = 14.0;
				MTL_ENABLE_DEBUG_INFO = NO;
				MTL_FAST_MATH = YES;
				SDKROOT = iphoneos;
				SWIFT_COMPILATION_MODE = wholemodule;
				SWIFT_OPTIMIZATION_LEVEL = "-O";
				VALIDATE_PRODUCT = YES;
			};
			name = Release;
		};
		F0C4419B24F1565D0080D4A9 /* Debug */ = {
			isa = XCBuildConfiguration;
			buildSettings = {
				ASSETCATALOG_COMPILER_APPICON_NAME = AppIcon;
				ASSETCATALOG_COMPILER_GLOBAL_ACCENT_COLOR_NAME = AccentColor;
				CODE_SIGN_STYLE = Automatic;
				DEVELOPMENT_TEAM = RN4699K8KE;
				INFOPLIST_FILE = App/Info.plist;
				LD_RUNPATH_SEARCH_PATHS = (
					"$(inherited)",
					"@executable_path/Frameworks",
				);
				PRODUCT_BUNDLE_IDENTIFIER = danyaffff.App;
				PRODUCT_NAME = "$(TARGET_NAME)";
				SWIFT_VERSION = 5.0;
				TARGETED_DEVICE_FAMILY = "1,2";
			};
			name = Debug;
		};
		F0C4419C24F1565D0080D4A9 /* Release */ = {
			isa = XCBuildConfiguration;
			buildSettings = {
				ASSETCATALOG_COMPILER_APPICON_NAME = AppIcon;
				ASSETCATALOG_COMPILER_GLOBAL_ACCENT_COLOR_NAME = AccentColor;
				CODE_SIGN_STYLE = Automatic;
				DEVELOPMENT_TEAM = RN4699K8KE;
				INFOPLIST_FILE = App/Info.plist;
				LD_RUNPATH_SEARCH_PATHS = (
					"$(inherited)",
					"@executable_path/Frameworks",
				);
				PRODUCT_BUNDLE_IDENTIFIER = danyaffff.App;
				PRODUCT_NAME = "$(TARGET_NAME)";
				SWIFT_VERSION = 5.0;
				TARGETED_DEVICE_FAMILY = "1,2";
			};
			name = Release;
		};
/* End XCBuildConfiguration section */

/* Begin XCConfigurationList section */
		F0C4417E24F1565B0080D4A9 /* Build configuration list for PBXProject "App" */ = {
			isa = XCConfigurationList;
			buildConfigurations = (
				F0C4419824F1565D0080D4A9 /* Debug */,
				F0C4419924F1565D0080D4A9 /* Release */,
			);
			defaultConfigurationIsVisible = 0;
			defaultConfigurationName = Release;
		};
		F0C4419A24F1565D0080D4A9 /* Build configuration list for PBXNativeTarget "App" */ = {
			isa = XCConfigurationList;
			buildConfigurations = (
				F0C4419B24F1565D0080D4A9 /* Debug */,
				F0C4419C24F1565D0080D4A9 /* Release */,
			);
			defaultConfigurationIsVisible = 0;
			defaultConfigurationName = Release;
		};
/* End XCConfigurationList section */

/* Begin XCVersionGroup section */
		F0C4418F24F1565B0080D4A9 /* App.xcdatamodeld */ = {
			isa = XCVersionGroup;
			children = (
				F0C4419024F1565B0080D4A9 /* App.xcdatamodel */,
			);
			currentVersion = F0C4419024F1565B0080D4A9 /* App.xcdatamodel */;
			path = App.xcdatamodeld;
			sourceTree = "<group>";
			versionGroupType = wrapper.xcdatamodel;
		};
/* End XCVersionGroup section */
	};
	rootObject = F0C4417B24F1565B0080D4A9 /* Project object */;
}
