// !$*UTF8*$!
{
	archiveVersion = 1;
	classes = {
	};
	objectVersion = 50;
	objects = {

/* Begin PBXBuildFile section */
		4BE6E75125221FE0001F2A54 /* Tasks_AppApp.swift in Sources */ = {isa = PBXBuildFile; fileRef = 4BE6E75025221FE0001F2A54 /* Tasks_AppApp.swift */; };
		4BE6E75325221FE0001F2A54 /* ContentView.swift in Sources */ = {isa = PBXBuildFile; fileRef = 4BE6E75225221FE0001F2A54 /* ContentView.swift */; };
		4BE6E75525221FE4001F2A54 /* Assets.xcassets in Resources */ = {isa = PBXBuildFile; fileRef = 4BE6E75425221FE4001F2A54 /* Assets.xcassets */; };
		4BE6E75825221FE4001F2A54 /* Preview Assets.xcassets in Resources */ = {isa = PBXBuildFile; fileRef = 4BE6E75725221FE4001F2A54 /* Preview Assets.xcassets */; };
		4BE6E75A25221FE4001F2A54 /* Persistence.swift in Sources */ = {isa = PBXBuildFile; fileRef = 4BE6E75925221FE4001F2A54 /* Persistence.swift */; };
		4BE6E75D25221FE4001F2A54 /* Tasks_App.xcdatamodeld in Sources */ = {isa = PBXBuildFile; fileRef = 4BE6E75B25221FE4001F2A54 /* Tasks_App.xcdatamodeld */; };
		4BE6E7682522211D001F2A54 /* Home.swift in Sources */ = {isa = PBXBuildFile; fileRef = 4BE6E7672522211D001F2A54 /* Home.swift */; };
		4BE6E76C25222152001F2A54 /* HomeViewModel.swift in Sources */ = {isa = PBXBuildFile; fileRef = 4BE6E76B25222152001F2A54 /* HomeViewModel.swift */; };
		4BE6E76F25222201001F2A54 /* NewDataView.swift in Sources */ = {isa = PBXBuildFile; fileRef = 4BE6E76E25222201001F2A54 /* NewDataView.swift */; };
		4BE6E772252224A7001F2A54 /* DateButton.swift in Sources */ = {isa = PBXBuildFile; fileRef = 4BE6E771252224A7001F2A54 /* DateButton.swift */; };
/* End PBXBuildFile section */

/* Begin PBXFileReference section */
		4BE6E74D25221FE0001F2A54 /* Tasks App.app */ = {isa = PBXFileReference; explicitFileType = wrapper.application; includeInIndex = 0; path = "Tasks App.app"; sourceTree = BUILT_PRODUCTS_DIR; };
		4BE6E75025221FE0001F2A54 /* Tasks_AppApp.swift */ = {isa = PBXFileReference; lastKnownFileType = sourcecode.swift; path = Tasks_AppApp.swift; sourceTree = "<group>"; };
		4BE6E75225221FE0001F2A54 /* ContentView.swift */ = {isa = PBXFileReference; lastKnownFileType = sourcecode.swift; path = ContentView.swift; sourceTree = "<group>"; };
		4BE6E75425221FE4001F2A54 /* Assets.xcassets */ = {isa = PBXFileReference; lastKnownFileType = folder.assetcatalog; path = Assets.xcassets; sourceTree = "<group>"; };
		4BE6E75725221FE4001F2A54 /* Preview Assets.xcassets */ = {isa = PBXFileReference; lastKnownFileType = folder.assetcatalog; path = "Preview Assets.xcassets"; sourceTree = "<group>"; };
		4BE6E75925221FE4001F2A54 /* Persistence.swift */ = {isa = PBXFileReference; lastKnownFileType = sourcecode.swift; path = Persistence.swift; sourceTree = "<group>"; };
		4BE6E75C25221FE4001F2A54 /* Tasks_App.xcdatamodel */ = {isa = PBXFileReference; lastKnownFileType = wrapper.xcdatamodel; path = Tasks_App.xcdatamodel; sourceTree = "<group>"; };
		4BE6E75E25221FE4001F2A54 /* Info.plist */ = {isa = PBXFileReference; lastKnownFileType = text.plist.xml; path = Info.plist; sourceTree = "<group>"; };
		4BE6E7672522211D001F2A54 /* Home.swift */ = {isa = PBXFileReference; lastKnownFileType = sourcecode.swift; path = Home.swift; sourceTree = "<group>"; };
		4BE6E76B25222152001F2A54 /* HomeViewModel.swift */ = {isa = PBXFileReference; lastKnownFileType = sourcecode.swift; path = HomeViewModel.swift; sourceTree = "<group>"; };
		4BE6E76E25222201001F2A54 /* NewDataView.swift */ = {isa = PBXFileReference; lastKnownFileType = sourcecode.swift; path = NewDataView.swift; sourceTree = "<group>"; };
		4BE6E771252224A7001F2A54 /* DateButton.swift */ = {isa = PBXFileReference; lastKnownFileType = sourcecode.swift; path = DateButton.swift; sourceTree = "<group>"; };
/* End PBXFileReference section */

/* Begin PBXFrameworksBuildPhase section */
		4BE6E74A25221FE0001F2A54 /* Frameworks */ = {
			isa = PBXFrameworksBuildPhase;
			buildActionMask = 2147483647;
			files = (
			);
			runOnlyForDeploymentPostprocessing = 0;
		};
/* End PBXFrameworksBuildPhase section */

/* Begin PBXGroup section */
		4BE6E74425221FE0001F2A54 = {
			isa = PBXGroup;
			children = (
				4BE6E74F25221FE0001F2A54 /* Tasks App */,
				4BE6E74E25221FE0001F2A54 /* Products */,
			);
			sourceTree = "<group>";
		};
		4BE6E74E25221FE0001F2A54 /* Products */ = {
			isa = PBXGroup;
			children = (
				4BE6E74D25221FE0001F2A54 /* Tasks App.app */,
			);
			name = Products;
			sourceTree = "<group>";
		};
		4BE6E74F25221FE0001F2A54 /* Tasks App */ = {
			isa = PBXGroup;
			children = (
				4BE6E766252220FA001F2A54 /* ViewModel */,
				4BE6E765252220F5001F2A54 /* View */,
				4BE6E75025221FE0001F2A54 /* Tasks_AppApp.swift */,
				4BE6E75425221FE4001F2A54 /* Assets.xcassets */,
				4BE6E75925221FE4001F2A54 /* Persistence.swift */,
				4BE6E75E25221FE4001F2A54 /* Info.plist */,
				4BE6E75B25221FE4001F2A54 /* Tasks_App.xcdatamodeld */,
				4BE6E75625221FE4001F2A54 /* Preview Content */,
			);
			path = "Tasks App";
			sourceTree = "<group>";
		};
		4BE6E75625221FE4001F2A54 /* Preview Content */ = {
			isa = PBXGroup;
			children = (
				4BE6E75725221FE4001F2A54 /* Preview Assets.xcassets */,
			);
			path = "Preview Content";
			sourceTree = "<group>";
		};
		4BE6E765252220F5001F2A54 /* View */ = {
			isa = PBXGroup;
			children = (
				4BE6E75225221FE0001F2A54 /* ContentView.swift */,
				4BE6E7672522211D001F2A54 /* Home.swift */,
				4BE6E76E25222201001F2A54 /* NewDataView.swift */,
				4BE6E771252224A7001F2A54 /* DateButton.swift */,
			);
			path = View;
			sourceTree = "<group>";
		};
		4BE6E766252220FA001F2A54 /* ViewModel */ = {
			isa = PBXGroup;
			children = (
				4BE6E76B25222152001F2A54 /* HomeViewModel.swift */,
			);
			path = ViewModel;
			sourceTree = "<group>";
		};
/* End PBXGroup section */

/* Begin PBXNativeTarget section */
		4BE6E74C25221FE0001F2A54 /* Tasks App */ = {
			isa = PBXNativeTarget;
			buildConfigurationList = 4BE6E76125221FE4001F2A54 /* Build configuration list for PBXNativeTarget "Tasks App" */;
			buildPhases = (
				4BE6E74925221FE0001F2A54 /* Sources */,
				4BE6E74A25221FE0001F2A54 /* Frameworks */,
				4BE6E74B25221FE0001F2A54 /* Resources */,
			);
			buildRules = (
			);
			dependencies = (
			);
			name = "Tasks App";
			productName = "Tasks App";
			productReference = 4BE6E74D25221FE0001F2A54 /* Tasks App.app */;
			productType = "com.apple.product-type.application";
		};
/* End PBXNativeTarget section */

/* Begin PBXProject section */
		4BE6E74525221FE0001F2A54 /* Project object */ = {
			isa = PBXProject;
			attributes = {
				LastSwiftUpdateCheck = 1200;
				LastUpgradeCheck = 1200;
				TargetAttributes = {
					4BE6E74C25221FE0001F2A54 = {
						CreatedOnToolsVersion = 12.0.1;
					};
				};
			};
			buildConfigurationList = 4BE6E74825221FE0001F2A54 /* Build configuration list for PBXProject "Tasks App" */;
			compatibilityVersion = "Xcode 9.3";
			developmentRegion = en;
			hasScannedForEncodings = 0;
			knownRegions = (
				en,
				Base,
			);
			mainGroup = 4BE6E74425221FE0001F2A54;
			productRefGroup = 4BE6E74E25221FE0001F2A54 /* Products */;
			projectDirPath = "";
			projectRoot = "";
			targets = (
				4BE6E74C25221FE0001F2A54 /* Tasks App */,
			);
		};
/* End PBXProject section */

/* Begin PBXResourcesBuildPhase section */
		4BE6E74B25221FE0001F2A54 /* Resources */ = {
			isa = PBXResourcesBuildPhase;
			buildActionMask = 2147483647;
			files = (
				4BE6E75825221FE4001F2A54 /* Preview Assets.xcassets in Resources */,
				4BE6E75525221FE4001F2A54 /* Assets.xcassets in Resources */,
			);
			runOnlyForDeploymentPostprocessing = 0;
		};
/* End PBXResourcesBuildPhase section */

/* Begin PBXSourcesBuildPhase section */
		4BE6E74925221FE0001F2A54 /* Sources */ = {
			isa = PBXSourcesBuildPhase;
			buildActionMask = 2147483647;
			files = (
				4BE6E75D25221FE4001F2A54 /* Tasks_App.xcdatamodeld in Sources */,
				4BE6E76C25222152001F2A54 /* HomeViewModel.swift in Sources */,
				4BE6E75A25221FE4001F2A54 /* Persistence.swift in Sources */,
				4BE6E7682522211D001F2A54 /* Home.swift in Sources */,
				4BE6E75325221FE0001F2A54 /* ContentView.swift in Sources */,
				4BE6E772252224A7001F2A54 /* DateButton.swift in Sources */,
				4BE6E75125221FE0001F2A54 /* Tasks_AppApp.swift in Sources */,
				4BE6E76F25222201001F2A54 /* NewDataView.swift in Sources */,
			);
			runOnlyForDeploymentPostprocessing = 0;
		};
/* End PBXSourcesBuildPhase section */

/* Begin XCBuildConfiguration section */
		4BE6E75F25221FE4001F2A54 /* Debug */ = {
			isa = XCBuildConfiguration;
			buildSettings = {
				ALWAYS_SEARCH_USER_PATHS = NO;
				CLANG_ANALYZER_NONNULL = YES;
				CLANG_ANALYZER_NUMBER_OBJECT_CONVERSION = YES_AGGRESSIVE;
				CLANG_CXX_LANGUAGE_STANDARD = "gnu++14";
				CLANG_CXX_LIBRARY = "libc++";
				CLANG_ENABLE_MODULES = YES;
				CLANG_ENABLE_OBJC_ARC = YES;
				CLANG_ENABLE_OBJC_WEAK = YES;
				CLANG_WARN_BLOCK_CAPTURE_AUTORELEASING = YES;
				CLANG_WARN_BOOL_CONVERSION = YES;
				CLANG_WARN_COMMA = YES;
				CLANG_WARN_CONSTANT_CONVERSION = YES;
				CLANG_WARN_DEPRECATED_OBJC_IMPLEMENTATIONS = YES;
				CLANG_WARN_DIRECT_OBJC_ISA_USAGE = YES_ERROR;
				CLANG_WARN_DOCUMENTATION_COMMENTS = YES;
				CLANG_WARN_EMPTY_BODY = YES;
				CLANG_WARN_ENUM_CONVERSION = YES;
				CLANG_WARN_INFINITE_RECURSION = YES;
				CLANG_WARN_INT_CONVERSION = YES;
				CLANG_WARN_NON_LITERAL_NULL_CONVERSION = YES;
				CLANG_WARN_OBJC_IMPLICIT_RETAIN_SELF = YES;
				CLANG_WARN_OBJC_LITERAL_CONVERSION = YES;
				CLANG_WARN_OBJC_ROOT_CLASS = YES_ERROR;
				CLANG_WARN_QUOTED_INCLUDE_IN_FRAMEWORK_HEADER = YES;
				CLANG_WARN_RANGE_LOOP_ANALYSIS = YES;
				CLANG_WARN_STRICT_PROTOTYPES = YES;
				CLANG_WARN_SUSPICIOUS_MOVE = YES;
				CLANG_WARN_UNGUARDED_AVAILABILITY = YES_AGGRESSIVE;
				CLANG_WARN_UNREACHABLE_CODE = YES;
				CLANG_WARN__DUPLICATE_METHOD_MATCH = YES;
				COPY_PHASE_STRIP = NO;
				DEBUG_INFORMATION_FORMAT = dwarf;
				ENABLE_STRICT_OBJC_MSGSEND = YES;
				ENABLE_TESTABILITY = YES;
				GCC_C_LANGUAGE_STANDARD = gnu11;
				GCC_DYNAMIC_NO_PIC = NO;
				GCC_NO_COMMON_BLOCKS = YES;
				GCC_OPTIMIZATION_LEVEL = 0;
				GCC_PREPROCESSOR_DEFINITIONS = (
					"DEBUG=1",
					"$(inherited)",
				);
				GCC_WARN_64_TO_32_BIT_CONVERSION = YES;
				GCC_WARN_ABOUT_RETURN_TYPE = YES_ERROR;
				GCC_WARN_UNDECLARED_SELECTOR = YES;
				GCC_WARN_UNINITIALIZED_AUTOS = YES_AGGRESSIVE;
				GCC_WARN_UNUSED_FUNCTION = YES;
				GCC_WARN_UNUSED_VARIABLE = YES;
				IPHONEOS_DEPLOYMENT_TARGET = 14.0;
				MTL_ENABLE_DEBUG_INFO = INCLUDE_SOURCE;
				MTL_FAST_MATH = YES;
				ONLY_ACTIVE_ARCH = YES;
				SDKROOT = iphoneos;
				SWIFT_ACTIVE_COMPILATION_CONDITIONS = DEBUG;
				SWIFT_OPTIMIZATION_LEVEL = "-Onone";
			};
			name = Debug;
		};
		4BE6E76025221FE4001F2A54 /* Release */ = {
			isa = XCBuildConfiguration;
			buildSettings = {
				ALWAYS_SEARCH_USER_PATHS = NO;
				CLANG_ANALYZER_NONNULL = YES;
				CLANG_ANALYZER_NUMBER_OBJECT_CONVERSION = YES_AGGRESSIVE;
				CLANG_CXX_LANGUAGE_STANDARD = "gnu++14";
				CLANG_CXX_LIBRARY = "libc++";
				CLANG_ENABLE_MODULES = YES;
				CLANG_ENABLE_OBJC_ARC = YES;
				CLANG_ENABLE_OBJC_WEAK = YES;
				CLANG_WARN_BLOCK_CAPTURE_AUTORELEASING = YES;
				CLANG_WARN_BOOL_CONVERSION = YES;
				CLANG_WARN_COMMA = YES;
				CLANG_WARN_CONSTANT_CONVERSION = YES;
				CLANG_WARN_DEPRECATED_OBJC_IMPLEMENTATIONS = YES;
				CLANG_WARN_DIRECT_OBJC_ISA_USAGE = YES_ERROR;
				CLANG_WARN_DOCUMENTATION_COMMENTS = YES;
				CLANG_WARN_EMPTY_BODY = YES;
				CLANG_WARN_ENUM_CONVERSION = YES;
				CLANG_WARN_INFINITE_RECURSION = YES;
				CLANG_WARN_INT_CONVERSION = YES;
				CLANG_WARN_NON_LITERAL_NULL_CONVERSION = YES;
				CLANG_WARN_OBJC_IMPLICIT_RETAIN_SELF = YES;
				CLANG_WARN_OBJC_LITERAL_CONVERSION = YES;
				CLANG_WARN_OBJC_ROOT_CLASS = YES_ERROR;
				CLANG_WARN_QUOTED_INCLUDE_IN_FRAMEWORK_HEADER = YES;
				CLANG_WARN_RANGE_LOOP_ANALYSIS = YES;
				CLANG_WARN_STRICT_PROTOTYPES = YES;
				CLANG_WARN_SUSPICIOUS_MOVE = YES;
				CLANG_WARN_UNGUARDED_AVAILABILITY = YES_AGGRESSIVE;
				CLANG_WARN_UNREACHABLE_CODE = YES;
				CLANG_WARN__DUPLICATE_METHOD_MATCH = YES;
				COPY_PHASE_STRIP = NO;
				DEBUG_INFORMATION_FORMAT = "dwarf-with-dsym";
				ENABLE_NS_ASSERTIONS = NO;
				ENABLE_STRICT_OBJC_MSGSEND = YES;
				GCC_C_LANGUAGE_STANDARD = gnu11;
				GCC_NO_COMMON_BLOCKS = YES;
				GCC_WARN_64_TO_32_BIT_CONVERSION = YES;
				GCC_WARN_ABOUT_RETURN_TYPE = YES_ERROR;
				GCC_WARN_UNDECLARED_SELECTOR = YES;
				GCC_WARN_UNINITIALIZED_AUTOS = YES_AGGRESSIVE;
				GCC_WARN_UNUSED_FUNCTION = YES;
				GCC_WARN_UNUSED_VARIABLE = YES;
				IPHONEOS_DEPLOYMENT_TARGET = 14.0;
				MTL_ENABLE_DEBUG_INFO = NO;
				MTL_FAST_MATH = YES;
				SDKROOT = iphoneos;
				SWIFT_COMPILATION_MODE = wholemodule;
				SWIFT_OPTIMIZATION_LEVEL = "-O";
				VALIDATE_PRODUCT = YES;
			};
			name = Release;
		};
		4BE6E76225221FE4001F2A54 /* Debug */ = {
			isa = XCBuildConfiguration;
			buildSettings = {
				ASSETCATALOG_COMPILER_APPICON_NAME = AppIcon;
				ASSETCATALOG_COMPILER_GLOBAL_ACCENT_COLOR_NAME = AccentColor;
				CODE_SIGN_STYLE = Automatic;
				DEVELOPMENT_ASSET_PATHS = "\"Tasks App/Preview Content\"";
				ENABLE_PREVIEWS = YES;
				INFOPLIST_FILE = "Tasks App/Info.plist";
				IPHONEOS_DEPLOYMENT_TARGET = 14.0;
				LD_RUNPATH_SEARCH_PATHS = (
					"$(inherited)",
					"@executable_path/Frameworks",
				);
				PRODUCT_BUNDLE_IDENTIFIER = "danyaffff.Tasks-App";
				PRODUCT_NAME = "$(TARGET_NAME)";
				SWIFT_VERSION = 5.0;
				TARGETED_DEVICE_FAMILY = "1,2";
			};
			name = Debug;
		};
		4BE6E76325221FE4001F2A54 /* Release */ = {
			isa = XCBuildConfiguration;
			buildSettings = {
				ASSETCATALOG_COMPILER_APPICON_NAME = AppIcon;
				ASSETCATALOG_COMPILER_GLOBAL_ACCENT_COLOR_NAME = AccentColor;
				CODE_SIGN_STYLE = Automatic;
				DEVELOPMENT_ASSET_PATHS = "\"Tasks App/Preview Content\"";
				ENABLE_PREVIEWS = YES;
				INFOPLIST_FILE = "Tasks App/Info.plist";
				IPHONEOS_DEPLOYMENT_TARGET = 14.0;
				LD_RUNPATH_SEARCH_PATHS = (
					"$(inherited)",
					"@executable_path/Frameworks",
				);
				PRODUCT_BUNDLE_IDENTIFIER = "danyaffff.Tasks-App";
				PRODUCT_NAME = "$(TARGET_NAME)";
				SWIFT_VERSION = 5.0;
				TARGETED_DEVICE_FAMILY = "1,2";
			};
			name = Release;
		};
/* End XCBuildConfiguration section */

/* Begin XCConfigurationList section */
		4BE6E74825221FE0001F2A54 /* Build configuration list for PBXProject "Tasks App" */ = {
			isa = XCConfigurationList;
			buildConfigurations = (
				4BE6E75F25221FE4001F2A54 /* Debug */,
				4BE6E76025221FE4001F2A54 /* Release */,
			);
			defaultConfigurationIsVisible = 0;
			defaultConfigurationName = Release;
		};
		4BE6E76125221FE4001F2A54 /* Build configuration list for PBXNativeTarget "Tasks App" */ = {
			isa = XCConfigurationList;
			buildConfigurations = (
				4BE6E76225221FE4001F2A54 /* Debug */,
				4BE6E76325221FE4001F2A54 /* Release */,
			);
			defaultConfigurationIsVisible = 0;
			defaultConfigurationName = Release;
		};
/* End XCConfigurationList section */

/* Begin XCVersionGroup section */
		4BE6E75B25221FE4001F2A54 /* Tasks_App.xcdatamodeld */ = {
			isa = XCVersionGroup;
			children = (
				4BE6E75C25221FE4001F2A54 /* Tasks_App.xcdatamodel */,
			);
			currentVersion = 4BE6E75C25221FE4001F2A54 /* Tasks_App.xcdatamodel */;
			path = Tasks_App.xcdatamodeld;
			sourceTree = "<group>";
			versionGroupType = wrapper.xcdatamodel;
		};
/* End XCVersionGroup section */
	};
	rootObject = 4BE6E74525221FE0001F2A54 /* Project object */;
}
